// !$*UTF8*$!
{
	archiveVersion = 1;
	classes = {
	};
	objectVersion = 50;
	objects = {

/* Begin PBXBuildFile section */
		433F615426111E76008E931B /* iDineApp.swift in Sources */ = {isa = PBXBuildFile; fileRef = 433F615326111E76008E931B /* iDineApp.swift */; };
		433F615626111E76008E931B /* ContentView.swift in Sources */ = {isa = PBXBuildFile; fileRef = 433F615526111E76008E931B /* ContentView.swift */; };
		433F615826111E7C008E931B /* Assets.xcassets in Resources */ = {isa = PBXBuildFile; fileRef = 433F615726111E7C008E931B /* Assets.xcassets */; };
		433F615B26111E7C008E931B /* Preview Assets.xcassets in Resources */ = {isa = PBXBuildFile; fileRef = 433F615A26111E7C008E931B /* Preview Assets.xcassets */; };
		433F61742611238E008E931B /* menu.json in Resources */ = {isa = PBXBuildFile; fileRef = 433F61702611238C008E931B /* menu.json */; };
		433F61752611238E008E931B /* Helper.swift in Sources */ = {isa = PBXBuildFile; fileRef = 433F61712611238D008E931B /* Helper.swift */; };
		433F61762611238E008E931B /* Order.swift in Sources */ = {isa = PBXBuildFile; fileRef = 433F61722611238D008E931B /* Order.swift */; };
		433F61772611238E008E931B /* Menu.swift in Sources */ = {isa = PBXBuildFile; fileRef = 433F61732611238D008E931B /* Menu.swift */; };
		43A3A13C2612465200070C6B /* OrderView.swift in Sources */ = {isa = PBXBuildFile; fileRef = 43A3A13B2612465200070C6B /* OrderView.swift */; };
		43BFA95C2611D9CD000635A8 /* ItemRow.swift in Sources */ = {isa = PBXBuildFile; fileRef = 43BFA95B2611D9CD000635A8 /* ItemRow.swift */; };
		43BFA95F2611E4B9000635A8 /* ItemDetail.swift in Sources */ = {isa = PBXBuildFile; fileRef = 43BFA95E2611E4B9000635A8 /* ItemDetail.swift */; };
/* End PBXBuildFile section */

/* Begin PBXFileReference section */
		433F615026111E76008E931B /* iDine.app */ = {isa = PBXFileReference; explicitFileType = wrapper.application; includeInIndex = 0; path = iDine.app; sourceTree = BUILT_PRODUCTS_DIR; };
		433F615326111E76008E931B /* iDineApp.swift */ = {isa = PBXFileReference; lastKnownFileType = sourcecode.swift; path = iDineApp.swift; sourceTree = "<group>"; };
		433F615526111E76008E931B /* ContentView.swift */ = {isa = PBXFileReference; lastKnownFileType = sourcecode.swift; path = ContentView.swift; sourceTree = "<group>"; };
		433F615726111E7C008E931B /* Assets.xcassets */ = {isa = PBXFileReference; lastKnownFileType = folder.assetcatalog; path = Assets.xcassets; sourceTree = "<group>"; };
		433F615A26111E7C008E931B /* Preview Assets.xcassets */ = {isa = PBXFileReference; lastKnownFileType = folder.assetcatalog; path = "Preview Assets.xcassets"; sourceTree = "<group>"; };
		433F615C26111E7C008E931B /* Info.plist */ = {isa = PBXFileReference; lastKnownFileType = text.plist.xml; path = Info.plist; sourceTree = "<group>"; };
		433F61702611238C008E931B /* menu.json */ = {isa = PBXFileReference; fileEncoding = 4; lastKnownFileType = text.json; name = menu.json; path = "idine 2/menu.json"; sourceTree = SOURCE_ROOT; };
		433F61712611238D008E931B /* Helper.swift */ = {isa = PBXFileReference; fileEncoding = 4; lastKnownFileType = sourcecode.swift; name = Helper.swift; path = "idine 2/Helper.swift"; sourceTree = SOURCE_ROOT; };
		433F61722611238D008E931B /* Order.swift */ = {isa = PBXFileReference; fileEncoding = 4; lastKnownFileType = sourcecode.swift; name = Order.swift; path = "idine 2/Order.swift"; sourceTree = SOURCE_ROOT; };
		433F61732611238D008E931B /* Menu.swift */ = {isa = PBXFileReference; fileEncoding = 4; lastKnownFileType = sourcecode.swift; name = Menu.swift; path = "idine 2/Menu.swift"; sourceTree = SOURCE_ROOT; };
		43A3A13B2612465200070C6B /* OrderView.swift */ = {isa = PBXFileReference; lastKnownFileType = sourcecode.swift; path = OrderView.swift; sourceTree = "<group>"; };
		43BFA95B2611D9CD000635A8 /* ItemRow.swift */ = {isa = PBXFileReference; lastKnownFileType = sourcecode.swift; path = ItemRow.swift; sourceTree = "<group>"; };
		43BFA95E2611E4B9000635A8 /* ItemDetail.swift */ = {isa = PBXFileReference; lastKnownFileType = sourcecode.swift; path = ItemDetail.swift; sourceTree = "<group>"; };
/* End PBXFileReference section */

/* Begin PBXFrameworksBuildPhase section */
		433F614D26111E76008E931B /* Frameworks */ = {
			isa = PBXFrameworksBuildPhase;
			buildActionMask = 2147483647;
			files = (
			);
			runOnlyForDeploymentPostprocessing = 0;
		};
/* End PBXFrameworksBuildPhase section */

/* Begin PBXGroup section */
		433F614726111E76008E931B = {
			isa = PBXGroup;
			children = (
				433F615226111E76008E931B /* iDine */,
				433F615126111E76008E931B /* Products */,
			);
			sourceTree = "<group>";
		};
		433F615126111E76008E931B /* Products */ = {
			isa = PBXGroup;
			children = (
				433F615026111E76008E931B /* iDine.app */,
			);
			name = Products;
			sourceTree = "<group>";
		};
		433F615226111E76008E931B /* iDine */ = {
			isa = PBXGroup;
			children = (
				433F615326111E76008E931B /* iDineApp.swift */,
				433F615526111E76008E931B /* ContentView.swift */,
				43BFA95E2611E4B9000635A8 /* ItemDetail.swift */,
				43A3A13B2612465200070C6B /* OrderView.swift */,
				43BFA95B2611D9CD000635A8 /* ItemRow.swift */,
				433F615726111E7C008E931B /* Assets.xcassets */,
				433F615C26111E7C008E931B /* Info.plist */,
				433F61712611238D008E931B /* Helper.swift */,
				433F61702611238C008E931B /* menu.json */,
				433F61732611238D008E931B /* Menu.swift */,
				433F61722611238D008E931B /* Order.swift */,
				433F615926111E7C008E931B /* Preview Content */,
			);
			path = iDine;
			sourceTree = "<group>";
		};
		433F615926111E7C008E931B /* Preview Content */ = {
			isa = PBXGroup;
			children = (
				433F615A26111E7C008E931B /* Preview Assets.xcassets */,
			);
			path = "Preview Content";
			sourceTree = "<group>";
		};
/* End PBXGroup section */

/* Begin PBXNativeTarget section */
		433F614F26111E76008E931B /* iDine */ = {
			isa = PBXNativeTarget;
			buildConfigurationList = 433F615F26111E7C008E931B /* Build configuration list for PBXNativeTarget "iDine" */;
			buildPhases = (
				433F614C26111E76008E931B /* Sources */,
				433F614D26111E76008E931B /* Frameworks */,
				433F614E26111E76008E931B /* Resources */,
			);
			buildRules = (
			);
			dependencies = (
			);
			name = iDine;
			productName = iDine;
			productReference = 433F615026111E76008E931B /* iDine.app */;
			productType = "com.apple.product-type.application";
		};
/* End PBXNativeTarget section */

/* Begin PBXProject section */
		433F614826111E76008E931B /* Project object */ = {
			isa = PBXProject;
			attributes = {
				LastSwiftUpdateCheck = 1230;
				LastUpgradeCheck = 1230;
				TargetAttributes = {
					433F614F26111E76008E931B = {
						CreatedOnToolsVersion = 12.3;
					};
				};
			};
			buildConfigurationList = 433F614B26111E76008E931B /* Build configuration list for PBXProject "iDine" */;
			compatibilityVersion = "Xcode 9.3";
			developmentRegion = en;
			hasScannedForEncodings = 0;
			knownRegions = (
				en,
				Base,
			);
			mainGroup = 433F614726111E76008E931B;
			productRefGroup = 433F615126111E76008E931B /* Products */;
			projectDirPath = "";
			projectRoot = "";
			targets = (
				433F614F26111E76008E931B /* iDine */,
			);
		};
/* End PBXProject section */

/* Begin PBXResourcesBuildPhase section */
		433F614E26111E76008E931B /* Resources */ = {
			isa = PBXResourcesBuildPhase;
			buildActionMask = 2147483647;
			files = (
				433F61742611238E008E931B /* menu.json in Resources */,
				433F615B26111E7C008E931B /* Preview Assets.xcassets in Resources */,
				433F615826111E7C008E931B /* Assets.xcassets in Resources */,
			);
			runOnlyForDeploymentPostprocessing = 0;
		};
/* End PBXResourcesBuildPhase section */

/* Begin PBXSourcesBuildPhase section */
		433F614C26111E76008E931B /* Sources */ = {
			isa = PBXSourcesBuildPhase;
			buildActionMask = 2147483647;
			files = (
				43BFA95F2611E4B9000635A8 /* ItemDetail.swift in Sources */,
				43A3A13C2612465200070C6B /* OrderView.swift in Sources */,
				433F615626111E76008E931B /* ContentView.swift in Sources */,
				433F615426111E76008E931B /* iDineApp.swift in Sources */,
				433F61762611238E008E931B /* Order.swift in Sources */,
				43BFA95C2611D9CD000635A8 /* ItemRow.swift in Sources */,
				433F61752611238E008E931B /* Helper.swift in Sources */,
				433F61772611238E008E931B /* Menu.swift in Sources */,
			);
			runOnlyForDeploymentPostprocessing = 0;
		};
/* End PBXSourcesBuildPhase section */

/* Begin XCBuildConfiguration section */
		433F615D26111E7C008E931B /* Debug */ = {
			isa = XCBuildConfiguration;
			buildSettings = {
				ALWAYS_SEARCH_USER_PATHS = NO;
				CLANG_ANALYZER_NONNULL = YES;
				CLANG_ANALYZER_NUMBER_OBJECT_CONVERSION = YES_AGGRESSIVE;
				CLANG_CXX_LANGUAGE_STANDARD = "gnu++14";
				CLANG_CXX_LIBRARY = "libc++";
				CLANG_ENABLE_MODULES = YES;
				CLANG_ENABLE_OBJC_ARC = YES;
				CLANG_ENABLE_OBJC_WEAK = YES;
				CLANG_WARN_BLOCK_CAPTURE_AUTORELEASING = YES;
				CLANG_WARN_BOOL_CONVERSION = YES;
				CLANG_WARN_COMMA = YES;
				CLANG_WARN_CONSTANT_CONVERSION = YES;
				CLANG_WARN_DEPRECATED_OBJC_IMPLEMENTATIONS = YES;
				CLANG_WARN_DIRECT_OBJC_ISA_USAGE = YES_ERROR;
				CLANG_WARN_DOCUMENTATION_COMMENTS = YES;
				CLANG_WARN_EMPTY_BODY = YES;
				CLANG_WARN_ENUM_CONVERSION = YES;
				CLANG_WARN_INFINITE_RECURSION = YES;
				CLANG_WARN_INT_CONVERSION = YES;
				CLANG_WARN_NON_LITERAL_NULL_CONVERSION = YES;
				CLANG_WARN_OBJC_IMPLICIT_RETAIN_SELF = YES;
				CLANG_WARN_OBJC_LITERAL_CONVERSION = YES;
				CLANG_WARN_OBJC_ROOT_CLASS = YES_ERROR;
				CLANG_WARN_QUOTED_INCLUDE_IN_FRAMEWORK_HEADER = YES;
				CLANG_WARN_RANGE_LOOP_ANALYSIS = YES;
				CLANG_WARN_STRICT_PROTOTYPES = YES;
				CLANG_WARN_SUSPICIOUS_MOVE = YES;
				CLANG_WARN_UNGUARDED_AVAILABILITY = YES_AGGRESSIVE;
				CLANG_WARN_UNREACHABLE_CODE = YES;
				CLANG_WARN__DUPLICATE_METHOD_MATCH = YES;
				COPY_PHASE_STRIP = NO;
				DEBUG_INFORMATION_FORMAT = dwarf;
				ENABLE_STRICT_OBJC_MSGSEND = YES;
				ENABLE_TESTABILITY = YES;
				GCC_C_LANGUAGE_STANDARD = gnu11;
				GCC_DYNAMIC_NO_PIC = NO;
				GCC_NO_COMMON_BLOCKS = YES;
				GCC_OPTIMIZATION_LEVEL = 0;
				GCC_PREPROCESSOR_DEFINITIONS = (
					"DEBUG=1",
					"$(inherited)",
				);
				GCC_WARN_64_TO_32_BIT_CONVERSION = YES;
				GCC_WARN_ABOUT_RETURN_TYPE = YES_ERROR;
				GCC_WARN_UNDECLARED_SELECTOR = YES;
				GCC_WARN_UNINITIALIZED_AUTOS = YES_AGGRESSIVE;
				GCC_WARN_UNUSED_FUNCTION = YES;
				GCC_WARN_UNUSED_VARIABLE = YES;
				IPHONEOS_DEPLOYMENT_TARGET = 14.3;
				MTL_ENABLE_DEBUG_INFO = INCLUDE_SOURCE;
				MTL_FAST_MATH = YES;
				ONLY_ACTIVE_ARCH = YES;
				SDKROOT = iphoneos;
				SWIFT_ACTIVE_COMPILATION_CONDITIONS = DEBUG;
				SWIFT_OPTIMIZATION_LEVEL = "-Onone";
			};
			name = Debug;
		};
		433F615E26111E7C008E931B /* Release */ = {
			isa = XCBuildConfiguration;
			buildSettings = {
				ALWAYS_SEARCH_USER_PATHS = NO;
				CLANG_ANALYZER_NONNULL = YES;
				CLANG_ANALYZER_NUMBER_OBJECT_CONVERSION = YES_AGGRESSIVE;
				CLANG_CXX_LANGUAGE_STANDARD = "gnu++14";
				CLANG_CXX_LIBRARY = "libc++";
				CLANG_ENABLE_MODULES = YES;
				CLANG_ENABLE_OBJC_ARC = YES;
				CLANG_ENABLE_OBJC_WEAK = YES;
				CLANG_WARN_BLOCK_CAPTURE_AUTORELEASING = YES;
				CLANG_WARN_BOOL_CONVERSION = YES;
				CLANG_WARN_COMMA = YES;
				CLANG_WARN_CONSTANT_CONVERSION = YES;
				CLANG_WARN_DEPRECATED_OBJC_IMPLEMENTATIONS = YES;
				CLANG_WARN_DIRECT_OBJC_ISA_USAGE = YES_ERROR;
				CLANG_WARN_DOCUMENTATION_COMMENTS = YES;
				CLANG_WARN_EMPTY_BODY = YES;
				CLANG_WARN_ENUM_CONVERSION = YES;
				CLANG_WARN_INFINITE_RECURSION = YES;
				CLANG_WARN_INT_CONVERSION = YES;
				CLANG_WARN_NON_LITERAL_NULL_CONVERSION = YES;
				CLANG_WARN_OBJC_IMPLICIT_RETAIN_SELF = YES;
				CLANG_WARN_OBJC_LITERAL_CONVERSION = YES;
				CLANG_WARN_OBJC_ROOT_CLASS = YES_ERROR;
				CLANG_WARN_QUOTED_INCLUDE_IN_FRAMEWORK_HEADER = YES;
				CLANG_WARN_RANGE_LOOP_ANALYSIS = YES;
				CLANG_WARN_STRICT_PROTOTYPES = YES;
				CLANG_WARN_SUSPICIOUS_MOVE = YES;
				CLANG_WARN_UNGUARDED_AVAILABILITY = YES_AGGRESSIVE;
				CLANG_WARN_UNREACHABLE_CODE = YES;
				CLANG_WARN__DUPLICATE_METHOD_MATCH = YES;
				COPY_PHASE_STRIP = NO;
				DEBUG_INFORMATION_FORMAT = "dwarf-with-dsym";
				ENABLE_NS_ASSERTIONS = NO;
				ENABLE_STRICT_OBJC_MSGSEND = YES;
				GCC_C_LANGUAGE_STANDARD = gnu11;
				GCC_NO_COMMON_BLOCKS = YES;
				GCC_WARN_64_TO_32_BIT_CONVERSION = YES;
				GCC_WARN_ABOUT_RETURN_TYPE = YES_ERROR;
				GCC_WARN_UNDECLARED_SELECTOR = YES;
				GCC_WARN_UNINITIALIZED_AUTOS = YES_AGGRESSIVE;
				GCC_WARN_UNUSED_FUNCTION = YES;
				GCC_WARN_UNUSED_VARIABLE = YES;
				IPHONEOS_DEPLOYMENT_TARGET = 14.3;
				MTL_ENABLE_DEBUG_INFO = NO;
				MTL_FAST_MATH = YES;
				SDKROOT = iphoneos;
				SWIFT_COMPILATION_MODE = wholemodule;
				SWIFT_OPTIMIZATION_LEVEL = "-O";
				VALIDATE_PRODUCT = YES;
			};
			name = Release;
		};
		433F616026111E7C008E931B /* Debug */ = {
			isa = XCBuildConfiguration;
			buildSettings = {
				ASSETCATALOG_COMPILER_APPICON_NAME = AppIcon;
				ASSETCATALOG_COMPILER_GLOBAL_ACCENT_COLOR_NAME = AccentColor;
				CODE_SIGN_STYLE = Automatic;
				DEVELOPMENT_ASSET_PATHS = "\"iDine/Preview Content\"";
				DEVELOPMENT_TEAM = 6S665J9P74;
				ENABLE_PREVIEWS = YES;
				INFOPLIST_FILE = iDine/Info.plist;
				IPHONEOS_DEPLOYMENT_TARGET = 14.0;
				LD_RUNPATH_SEARCH_PATHS = (
					"$(inherited)",
					"@executable_path/Frameworks",
				);
				PRODUCT_BUNDLE_IDENTIFIER = yaser.iDine;
				PRODUCT_NAME = "$(TARGET_NAME)";
				SWIFT_VERSION = 5.0;
				TARGETED_DEVICE_FAMILY = "1,2";
			};
			name = Debug;
		};
		433F616126111E7C008E931B /* Release */ = {
			isa = XCBuildConfiguration;
			buildSettings = {
				ASSETCATALOG_COMPILER_APPICON_NAME = AppIcon;
				ASSETCATALOG_COMPILER_GLOBAL_ACCENT_COLOR_NAME = AccentColor;
				CODE_SIGN_STYLE = Automatic;
				DEVELOPMENT_ASSET_PATHS = "\"iDine/Preview Content\"";
				DEVELOPMENT_TEAM = 6S665J9P74;
				ENABLE_PREVIEWS = YES;
				INFOPLIST_FILE = iDine/Info.plist;
				IPHONEOS_DEPLOYMENT_TARGET = 14.0;
				LD_RUNPATH_SEARCH_PATHS = (
					"$(inherited)",
					"@executable_path/Frameworks",
				);
				PRODUCT_BUNDLE_IDENTIFIER = yaser.iDine;
				PRODUCT_NAME = "$(TARGET_NAME)";
				SWIFT_VERSION = 5.0;
				TARGETED_DEVICE_FAMILY = "1,2";
			};
			name = Release;
		};
/* End XCBuildConfiguration section */

/* Begin XCConfigurationList section */
		433F614B26111E76008E931B /* Build configuration list for PBXProject "iDine" */ = {
			isa = XCConfigurationList;
			buildConfigurations = (
				433F615D26111E7C008E931B /* Debug */,
				433F615E26111E7C008E931B /* Release */,
			);
			defaultConfigurationIsVisible = 0;
			defaultConfigurationName = Release;
		};
		433F615F26111E7C008E931B /* Build configuration list for PBXNativeTarget "iDine" */ = {
			isa = XCConfigurationList;
			buildConfigurations = (
				433F616026111E7C008E931B /* Debug */,
				433F616126111E7C008E931B /* Release */,
			);
			defaultConfigurationIsVisible = 0;
			defaultConfigurationName = Release;
		};
/* End XCConfigurationList section */
	};
	rootObject = 433F614826111E76008E931B /* Project object */;
}
